
Microsoft Visual Studio Solution File, Format Version 12.00
# Visual Studio 15
VisualStudioVersion = 15.0.26124.0
MinimumVisualStudioVersion = 15.0.26124.0
Project("{2150E333-8FDC-42A3-9474-1A3956D46DE8}") = "CM.Shared", "CM.Shared", "{DA5D3519-371F-423A-AE49-8BC77C81E06C}"
EndProject
Project("{9A19103F-16F7-4668-BE54-9A1E7A4F7556}") = "CM.Shared.Kernel", "CM.Shared\CM.Shared.Kernel\CM.Shared.Kernel.csproj", "{9B296724-A73A-4ABB-83EE-FD7873ECFBF5}"
EndProject
Project("{9A19103F-16F7-4668-BE54-9A1E7A4F7556}") = "CM.Shared.Web", "CM.Shared\CM.Shared.Web\CM.Shared.Web.csproj", "{967B16A2-4654-4B1D-BBA3-5DE923558668}"
EndProject
Project("{2150E333-8FDC-42A3-9474-1A3956D46DE8}") = "CM.Presentation", "CM.Presentation", "{71DA55F9-BB9C-4046-9AC1-F51B986D0B86}"
EndProject
Project("{9A19103F-16F7-4668-BE54-9A1E7A4F7556}") = "CM.Presentation.Web", "CM.Presentation\CM.Presentation.Web\CM.Presentation.Web.csproj", "{59A6C70F-B82C-460F-BE10-05F6DE4D9901}"
EndProject
Project("{2150E333-8FDC-42A3-9474-1A3956D46DE8}") = "CM.Services", "CM.Services", "{FA14FE30-627B-440F-986A-B7CC76FD5931}"
EndProject
Project("{2150E333-8FDC-42A3-9474-1A3956D46DE8}") = "CM.Services.Identity", "CM.Services.Identity", "{07D03DB9-5D9E-4F76-98F1-F7CAB88B385D}"
EndProject
Project("{9A19103F-16F7-4668-BE54-9A1E7A4F7556}") = "CM.Services.Identity.Contract", "CM.Services\CM.Services.Identity\CM.Services.Identity.Contract\CM.Services.Identity.Contract.csproj", "{39FC5751-91B5-4391-BD32-BB36F00293CB}"
EndProject
Project("{9A19103F-16F7-4668-BE54-9A1E7A4F7556}") = "CM.Services.Identity.Concrete", "CM.Services\CM.Services.Identity\CM.Services.Identity.Concrete\CM.Services.Identity.Concrete.csproj", "{1A023442-0F30-48BB-82EC-106C89C82839}"
EndProject
Project("{9A19103F-16F7-4668-BE54-9A1E7A4F7556}") = "CM.Services.Identity.Infrastracture", "CM.Services\CM.Services.Identity\CM.Services.Identity.Infrastracture\CM.Services.Identity.Infrastracture.csproj", "{2CC61571-907F-433A-BF47-E6E707A8BB67}"
EndProject
Project("{9A19103F-16F7-4668-BE54-9A1E7A4F7556}") = "CM.Services.Identity.API", "CM.Services\CM.Services.Identity\CM.Services.Identity.API\CM.Services.Identity.API.csproj", "{13A4B856-25D0-4B16-955A-98F1DEC79371}"
EndProject
Project("{2150E333-8FDC-42A3-9474-1A3956D46DE8}") = "CM.Services.Exchange", "CM.Services.Exchange", "{BCD0D854-9DC4-45D2-B76D-1CC712AD03C4}"
EndProject
Project("{9A19103F-16F7-4668-BE54-9A1E7A4F7556}") = "CM.Services.Exchange.Contract", "CM.Services\CM.Services.Exchange\CM.Services.Exchange.Contract\CM.Services.Exchange.Contract.csproj", "{BA336A53-2C3F-40E5-9740-D8A2F0579631}"
EndProject
Project("{9A19103F-16F7-4668-BE54-9A1E7A4F7556}") = "CM.Services.Exchange.Concrete", "CM.Services\CM.Services.Exchange\CM.Services.Exchange.Concrete\CM.Services.Exchange.Concrete.csproj", "{5B8AADBC-76D3-472B-8E33-0625311B1977}"
EndProject
Project("{9A19103F-16F7-4668-BE54-9A1E7A4F7556}") = "CM.Services.Exchange.Infrastracture", "CM.Services\CM.Services.Exchange\CM.Services.Exchange.Infrastracture\CM.Services.Exchange.Infrastracture.csproj", "{996231AF-3460-4B77-A6D5-0F51EC8AEB9D}"
EndProject
Project("{9A19103F-16F7-4668-BE54-9A1E7A4F7556}") = "CM.Services.Exchange.API", "CM.Services\CM.Services.Exchange\CM.Services.Exchange.API\CM.Services.Exchange.API.csproj", "{BA2853E1-DE97-412C-B000-A1B8B2AF6BB7}"
EndProject
Project("{2150E333-8FDC-42A3-9474-1A3956D46DE8}") = "CM.Services.Wallet", "CM.Services.Wallet", "{0DEBD63C-F7C1-4697-A6D0-F1E32E859C0D}"
EndProject
Project("{9A19103F-16F7-4668-BE54-9A1E7A4F7556}") = "CM.Services.Wallet.Contract", "CM.Services\CM.Services.Wallet\CM.Services.Wallet.Contract\CM.Services.Wallet.Contract.csproj", "{D82D0855-5D52-44E1-B995-9698B038DC88}"
EndProject
Project("{9A19103F-16F7-4668-BE54-9A1E7A4F7556}") = "CM.Services.Wallet.Concrete", "CM.Services\CM.Services.Wallet\CM.Services.Wallet.Concrete\CM.Services.Wallet.Concrete.csproj", "{0BD3E281-5398-448F-9174-48B8481C6CF2}"
EndProject
Project("{9A19103F-16F7-4668-BE54-9A1E7A4F7556}") = "CM.Services.Wallet.Infrastracture", "CM.Services\CM.Services.Wallet\CM.Services.Wallet.Infrastracture\CM.Services.Wallet.Infrastracture.csproj", "{8D92EC29-19E0-499A-B3E1-7C164C1F92A5}"
EndProject
Project("{9A19103F-16F7-4668-BE54-9A1E7A4F7556}") = "CM.Services.Wallet.API", "CM.Services\CM.Services.Wallet\CM.Services.Wallet.API\CM.Services.Wallet.API.csproj", "{8291266F-83FB-4F1F-8CEF-93C1F8FE0EBF}"
EndProject
Project("{E53339B2-1760-4266-BCC7-CA923CBCF16C}") = "docker-compose", "docker-compose.dcproj", "{D4E42E70-B214-48BA-9BC8-8A282DFF0832}"
EndProject
Project("{2150E333-8FDC-42A3-9474-1A3956D46DE8}") = "CM.Services.Wallet.Views", "CM.Services.Wallet.Views", "{00FF11F0-8542-4008-AF0A-AC57A0934D40}"
EndProject
Project("{FAE04EC0-301F-11D3-BF4B-00C04F79EFBC}") = "CM.Services.Wallet.Views.Api", "CM.Services\CM.Services.Wallet.Views\CM.Services.Wallet.Views.Api\CM.Services.Wallet.Views.Api.csproj", "{46A73AA7-16BA-4A23-A516-7F921CF30BE3}"
EndProject
Project("{FAE04EC0-301F-11D3-BF4B-00C04F79EFBC}") = "CM.Services.Wallet.Views.Contract", "CM.Services\CM.Services.Wallet.Views\CM.Services.Wallet.Views.Contract\CM.Services.Wallet.Views.Contract.csproj", "{D30B6459-DD9F-456F-92A9-509F0DAAEB57}"
EndProject
Project("{FAE04EC0-301F-11D3-BF4B-00C04F79EFBC}") = "CM.Services.Wallet.Views.Concrete", "CM.Services\CM.Services.Wallet.Views\CM.Services.Wallet.Views.Concrete\CM.Services.Wallet.Views.Concrete.csproj", "{BEEE82E3-C1FE-40AD-9F28-14850ABDF67E}"
EndProject
Project("{FAE04EC0-301F-11D3-BF4B-00C04F79EFBC}") = "CM.Services.Wallet.Views.Infrastracture", "CM.Services\CM.Services.Wallet.Views\CM.Services.Wallet.Views.Infrastracture\CM.Services.Wallet.Views.Infrastracture.csproj", "{4695645F-A546-4F20-A723-6972C922C94B}"
EndProject
Global
	GlobalSection(SolutionConfigurationPlatforms) = preSolution
		Debug|Any CPU = Debug|Any CPU
		Debug|x64 = Debug|x64
		Debug|x86 = Debug|x86
		Release|Any CPU = Release|Any CPU
		Release|x64 = Release|x64
		Release|x86 = Release|x86
	EndGlobalSection
	GlobalSection(ProjectConfigurationPlatforms) = postSolution
		{9B296724-A73A-4ABB-83EE-FD7873ECFBF5}.Debug|Any CPU.ActiveCfg = Debug|Any CPU
		{9B296724-A73A-4ABB-83EE-FD7873ECFBF5}.Debug|Any CPU.Build.0 = Debug|Any CPU
		{9B296724-A73A-4ABB-83EE-FD7873ECFBF5}.Debug|x64.ActiveCfg = Debug|Any CPU
		{9B296724-A73A-4ABB-83EE-FD7873ECFBF5}.Debug|x64.Build.0 = Debug|Any CPU
		{9B296724-A73A-4ABB-83EE-FD7873ECFBF5}.Debug|x86.ActiveCfg = Debug|Any CPU
		{9B296724-A73A-4ABB-83EE-FD7873ECFBF5}.Debug|x86.Build.0 = Debug|Any CPU
		{9B296724-A73A-4ABB-83EE-FD7873ECFBF5}.Release|Any CPU.ActiveCfg = Release|Any CPU
		{9B296724-A73A-4ABB-83EE-FD7873ECFBF5}.Release|Any CPU.Build.0 = Release|Any CPU
		{9B296724-A73A-4ABB-83EE-FD7873ECFBF5}.Release|x64.ActiveCfg = Release|Any CPU
		{9B296724-A73A-4ABB-83EE-FD7873ECFBF5}.Release|x64.Build.0 = Release|Any CPU
		{9B296724-A73A-4ABB-83EE-FD7873ECFBF5}.Release|x86.ActiveCfg = Release|Any CPU
		{9B296724-A73A-4ABB-83EE-FD7873ECFBF5}.Release|x86.Build.0 = Release|Any CPU
		{967B16A2-4654-4B1D-BBA3-5DE923558668}.Debug|Any CPU.ActiveCfg = Debug|Any CPU
		{967B16A2-4654-4B1D-BBA3-5DE923558668}.Debug|Any CPU.Build.0 = Debug|Any CPU
		{967B16A2-4654-4B1D-BBA3-5DE923558668}.Debug|x64.ActiveCfg = Debug|Any CPU
		{967B16A2-4654-4B1D-BBA3-5DE923558668}.Debug|x64.Build.0 = Debug|Any CPU
		{967B16A2-4654-4B1D-BBA3-5DE923558668}.Debug|x86.ActiveCfg = Debug|Any CPU
		{967B16A2-4654-4B1D-BBA3-5DE923558668}.Debug|x86.Build.0 = Debug|Any CPU
		{967B16A2-4654-4B1D-BBA3-5DE923558668}.Release|Any CPU.ActiveCfg = Release|Any CPU
		{967B16A2-4654-4B1D-BBA3-5DE923558668}.Release|Any CPU.Build.0 = Release|Any CPU
		{967B16A2-4654-4B1D-BBA3-5DE923558668}.Release|x64.ActiveCfg = Release|Any CPU
		{967B16A2-4654-4B1D-BBA3-5DE923558668}.Release|x64.Build.0 = Release|Any CPU
		{967B16A2-4654-4B1D-BBA3-5DE923558668}.Release|x86.ActiveCfg = Release|Any CPU
		{967B16A2-4654-4B1D-BBA3-5DE923558668}.Release|x86.Build.0 = Release|Any CPU
		{59A6C70F-B82C-460F-BE10-05F6DE4D9901}.Debug|Any CPU.ActiveCfg = Debug|Any CPU
		{59A6C70F-B82C-460F-BE10-05F6DE4D9901}.Debug|Any CPU.Build.0 = Debug|Any CPU
		{59A6C70F-B82C-460F-BE10-05F6DE4D9901}.Debug|x64.ActiveCfg = Debug|Any CPU
		{59A6C70F-B82C-460F-BE10-05F6DE4D9901}.Debug|x64.Build.0 = Debug|Any CPU
		{59A6C70F-B82C-460F-BE10-05F6DE4D9901}.Debug|x86.ActiveCfg = Debug|Any CPU
		{59A6C70F-B82C-460F-BE10-05F6DE4D9901}.Debug|x86.Build.0 = Debug|Any CPU
		{59A6C70F-B82C-460F-BE10-05F6DE4D9901}.Release|Any CPU.ActiveCfg = Release|Any CPU
		{59A6C70F-B82C-460F-BE10-05F6DE4D9901}.Release|Any CPU.Build.0 = Release|Any CPU
		{59A6C70F-B82C-460F-BE10-05F6DE4D9901}.Release|x64.ActiveCfg = Release|Any CPU
		{59A6C70F-B82C-460F-BE10-05F6DE4D9901}.Release|x64.Build.0 = Release|Any CPU
		{59A6C70F-B82C-460F-BE10-05F6DE4D9901}.Release|x86.ActiveCfg = Release|Any CPU
		{59A6C70F-B82C-460F-BE10-05F6DE4D9901}.Release|x86.Build.0 = Release|Any CPU
		{39FC5751-91B5-4391-BD32-BB36F00293CB}.Debug|Any CPU.ActiveCfg = Debug|Any CPU
		{39FC5751-91B5-4391-BD32-BB36F00293CB}.Debug|Any CPU.Build.0 = Debug|Any CPU
		{39FC5751-91B5-4391-BD32-BB36F00293CB}.Debug|x64.ActiveCfg = Debug|Any CPU
		{39FC5751-91B5-4391-BD32-BB36F00293CB}.Debug|x64.Build.0 = Debug|Any CPU
		{39FC5751-91B5-4391-BD32-BB36F00293CB}.Debug|x86.ActiveCfg = Debug|Any CPU
		{39FC5751-91B5-4391-BD32-BB36F00293CB}.Debug|x86.Build.0 = Debug|Any CPU
		{39FC5751-91B5-4391-BD32-BB36F00293CB}.Release|Any CPU.ActiveCfg = Release|Any CPU
		{39FC5751-91B5-4391-BD32-BB36F00293CB}.Release|Any CPU.Build.0 = Release|Any CPU
		{39FC5751-91B5-4391-BD32-BB36F00293CB}.Release|x64.ActiveCfg = Release|Any CPU
		{39FC5751-91B5-4391-BD32-BB36F00293CB}.Release|x64.Build.0 = Release|Any CPU
		{39FC5751-91B5-4391-BD32-BB36F00293CB}.Release|x86.ActiveCfg = Release|Any CPU
		{39FC5751-91B5-4391-BD32-BB36F00293CB}.Release|x86.Build.0 = Release|Any CPU
		{1A023442-0F30-48BB-82EC-106C89C82839}.Debug|Any CPU.ActiveCfg = Debug|Any CPU
		{1A023442-0F30-48BB-82EC-106C89C82839}.Debug|Any CPU.Build.0 = Debug|Any CPU
		{1A023442-0F30-48BB-82EC-106C89C82839}.Debug|x64.ActiveCfg = Debug|Any CPU
		{1A023442-0F30-48BB-82EC-106C89C82839}.Debug|x64.Build.0 = Debug|Any CPU
		{1A023442-0F30-48BB-82EC-106C89C82839}.Debug|x86.ActiveCfg = Debug|Any CPU
		{1A023442-0F30-48BB-82EC-106C89C82839}.Debug|x86.Build.0 = Debug|Any CPU
		{1A023442-0F30-48BB-82EC-106C89C82839}.Release|Any CPU.ActiveCfg = Release|Any CPU
		{1A023442-0F30-48BB-82EC-106C89C82839}.Release|Any CPU.Build.0 = Release|Any CPU
		{1A023442-0F30-48BB-82EC-106C89C82839}.Release|x64.ActiveCfg = Release|Any CPU
		{1A023442-0F30-48BB-82EC-106C89C82839}.Release|x64.Build.0 = Release|Any CPU
		{1A023442-0F30-48BB-82EC-106C89C82839}.Release|x86.ActiveCfg = Release|Any CPU
		{1A023442-0F30-48BB-82EC-106C89C82839}.Release|x86.Build.0 = Release|Any CPU
		{2CC61571-907F-433A-BF47-E6E707A8BB67}.Debug|Any CPU.ActiveCfg = Debug|Any CPU
		{2CC61571-907F-433A-BF47-E6E707A8BB67}.Debug|Any CPU.Build.0 = Debug|Any CPU
		{2CC61571-907F-433A-BF47-E6E707A8BB67}.Debug|x64.ActiveCfg = Debug|Any CPU
		{2CC61571-907F-433A-BF47-E6E707A8BB67}.Debug|x64.Build.0 = Debug|Any CPU
		{2CC61571-907F-433A-BF47-E6E707A8BB67}.Debug|x86.ActiveCfg = Debug|Any CPU
		{2CC61571-907F-433A-BF47-E6E707A8BB67}.Debug|x86.Build.0 = Debug|Any CPU
		{2CC61571-907F-433A-BF47-E6E707A8BB67}.Release|Any CPU.ActiveCfg = Release|Any CPU
		{2CC61571-907F-433A-BF47-E6E707A8BB67}.Release|Any CPU.Build.0 = Release|Any CPU
		{2CC61571-907F-433A-BF47-E6E707A8BB67}.Release|x64.ActiveCfg = Release|Any CPU
		{2CC61571-907F-433A-BF47-E6E707A8BB67}.Release|x64.Build.0 = Release|Any CPU
		{2CC61571-907F-433A-BF47-E6E707A8BB67}.Release|x86.ActiveCfg = Release|Any CPU
		{2CC61571-907F-433A-BF47-E6E707A8BB67}.Release|x86.Build.0 = Release|Any CPU
		{13A4B856-25D0-4B16-955A-98F1DEC79371}.Debug|Any CPU.ActiveCfg = Debug|Any CPU
		{13A4B856-25D0-4B16-955A-98F1DEC79371}.Debug|Any CPU.Build.0 = Debug|Any CPU
		{13A4B856-25D0-4B16-955A-98F1DEC79371}.Debug|x64.ActiveCfg = Debug|Any CPU
		{13A4B856-25D0-4B16-955A-98F1DEC79371}.Debug|x64.Build.0 = Debug|Any CPU
		{13A4B856-25D0-4B16-955A-98F1DEC79371}.Debug|x86.ActiveCfg = Debug|Any CPU
		{13A4B856-25D0-4B16-955A-98F1DEC79371}.Debug|x86.Build.0 = Debug|Any CPU
		{13A4B856-25D0-4B16-955A-98F1DEC79371}.Release|Any CPU.ActiveCfg = Release|Any CPU
		{13A4B856-25D0-4B16-955A-98F1DEC79371}.Release|Any CPU.Build.0 = Release|Any CPU
		{13A4B856-25D0-4B16-955A-98F1DEC79371}.Release|x64.ActiveCfg = Release|Any CPU
		{13A4B856-25D0-4B16-955A-98F1DEC79371}.Release|x64.Build.0 = Release|Any CPU
		{13A4B856-25D0-4B16-955A-98F1DEC79371}.Release|x86.ActiveCfg = Release|Any CPU
		{13A4B856-25D0-4B16-955A-98F1DEC79371}.Release|x86.Build.0 = Release|Any CPU
		{BA336A53-2C3F-40E5-9740-D8A2F0579631}.Debug|Any CPU.ActiveCfg = Debug|Any CPU
		{BA336A53-2C3F-40E5-9740-D8A2F0579631}.Debug|Any CPU.Build.0 = Debug|Any CPU
		{BA336A53-2C3F-40E5-9740-D8A2F0579631}.Debug|x64.ActiveCfg = Debug|Any CPU
		{BA336A53-2C3F-40E5-9740-D8A2F0579631}.Debug|x64.Build.0 = Debug|Any CPU
		{BA336A53-2C3F-40E5-9740-D8A2F0579631}.Debug|x86.ActiveCfg = Debug|Any CPU
		{BA336A53-2C3F-40E5-9740-D8A2F0579631}.Debug|x86.Build.0 = Debug|Any CPU
		{BA336A53-2C3F-40E5-9740-D8A2F0579631}.Release|Any CPU.ActiveCfg = Release|Any CPU
		{BA336A53-2C3F-40E5-9740-D8A2F0579631}.Release|Any CPU.Build.0 = Release|Any CPU
		{BA336A53-2C3F-40E5-9740-D8A2F0579631}.Release|x64.ActiveCfg = Release|Any CPU
		{BA336A53-2C3F-40E5-9740-D8A2F0579631}.Release|x64.Build.0 = Release|Any CPU
		{BA336A53-2C3F-40E5-9740-D8A2F0579631}.Release|x86.ActiveCfg = Release|Any CPU
		{BA336A53-2C3F-40E5-9740-D8A2F0579631}.Release|x86.Build.0 = Release|Any CPU
		{5B8AADBC-76D3-472B-8E33-0625311B1977}.Debug|Any CPU.ActiveCfg = Debug|Any CPU
		{5B8AADBC-76D3-472B-8E33-0625311B1977}.Debug|Any CPU.Build.0 = Debug|Any CPU
		{5B8AADBC-76D3-472B-8E33-0625311B1977}.Debug|x64.ActiveCfg = Debug|Any CPU
		{5B8AADBC-76D3-472B-8E33-0625311B1977}.Debug|x64.Build.0 = Debug|Any CPU
		{5B8AADBC-76D3-472B-8E33-0625311B1977}.Debug|x86.ActiveCfg = Debug|Any CPU
		{5B8AADBC-76D3-472B-8E33-0625311B1977}.Debug|x86.Build.0 = Debug|Any CPU
		{5B8AADBC-76D3-472B-8E33-0625311B1977}.Release|Any CPU.ActiveCfg = Release|Any CPU
		{5B8AADBC-76D3-472B-8E33-0625311B1977}.Release|Any CPU.Build.0 = Release|Any CPU
		{5B8AADBC-76D3-472B-8E33-0625311B1977}.Release|x64.ActiveCfg = Release|Any CPU
		{5B8AADBC-76D3-472B-8E33-0625311B1977}.Release|x64.Build.0 = Release|Any CPU
		{5B8AADBC-76D3-472B-8E33-0625311B1977}.Release|x86.ActiveCfg = Release|Any CPU
		{5B8AADBC-76D3-472B-8E33-0625311B1977}.Release|x86.Build.0 = Release|Any CPU
		{996231AF-3460-4B77-A6D5-0F51EC8AEB9D}.Debug|Any CPU.ActiveCfg = Debug|Any CPU
		{996231AF-3460-4B77-A6D5-0F51EC8AEB9D}.Debug|Any CPU.Build.0 = Debug|Any CPU
		{996231AF-3460-4B77-A6D5-0F51EC8AEB9D}.Debug|x64.ActiveCfg = Debug|Any CPU
		{996231AF-3460-4B77-A6D5-0F51EC8AEB9D}.Debug|x64.Build.0 = Debug|Any CPU
		{996231AF-3460-4B77-A6D5-0F51EC8AEB9D}.Debug|x86.ActiveCfg = Debug|Any CPU
		{996231AF-3460-4B77-A6D5-0F51EC8AEB9D}.Debug|x86.Build.0 = Debug|Any CPU
		{996231AF-3460-4B77-A6D5-0F51EC8AEB9D}.Release|Any CPU.ActiveCfg = Release|Any CPU
		{996231AF-3460-4B77-A6D5-0F51EC8AEB9D}.Release|Any CPU.Build.0 = Release|Any CPU
		{996231AF-3460-4B77-A6D5-0F51EC8AEB9D}.Release|x64.ActiveCfg = Release|Any CPU
		{996231AF-3460-4B77-A6D5-0F51EC8AEB9D}.Release|x64.Build.0 = Release|Any CPU
		{996231AF-3460-4B77-A6D5-0F51EC8AEB9D}.Release|x86.ActiveCfg = Release|Any CPU
		{996231AF-3460-4B77-A6D5-0F51EC8AEB9D}.Release|x86.Build.0 = Release|Any CPU
		{BA2853E1-DE97-412C-B000-A1B8B2AF6BB7}.Debug|Any CPU.ActiveCfg = Debug|Any CPU
		{BA2853E1-DE97-412C-B000-A1B8B2AF6BB7}.Debug|Any CPU.Build.0 = Debug|Any CPU
		{BA2853E1-DE97-412C-B000-A1B8B2AF6BB7}.Debug|x64.ActiveCfg = Debug|Any CPU
		{BA2853E1-DE97-412C-B000-A1B8B2AF6BB7}.Debug|x64.Build.0 = Debug|Any CPU
		{BA2853E1-DE97-412C-B000-A1B8B2AF6BB7}.Debug|x86.ActiveCfg = Debug|Any CPU
		{BA2853E1-DE97-412C-B000-A1B8B2AF6BB7}.Debug|x86.Build.0 = Debug|Any CPU
		{BA2853E1-DE97-412C-B000-A1B8B2AF6BB7}.Release|Any CPU.ActiveCfg = Release|Any CPU
		{BA2853E1-DE97-412C-B000-A1B8B2AF6BB7}.Release|Any CPU.Build.0 = Release|Any CPU
		{BA2853E1-DE97-412C-B000-A1B8B2AF6BB7}.Release|x64.ActiveCfg = Release|Any CPU
		{BA2853E1-DE97-412C-B000-A1B8B2AF6BB7}.Release|x64.Build.0 = Release|Any CPU
		{BA2853E1-DE97-412C-B000-A1B8B2AF6BB7}.Release|x86.ActiveCfg = Release|Any CPU
		{BA2853E1-DE97-412C-B000-A1B8B2AF6BB7}.Release|x86.Build.0 = Release|Any CPU
		{D82D0855-5D52-44E1-B995-9698B038DC88}.Debug|Any CPU.ActiveCfg = Debug|Any CPU
		{D82D0855-5D52-44E1-B995-9698B038DC88}.Debug|Any CPU.Build.0 = Debug|Any CPU
		{D82D0855-5D52-44E1-B995-9698B038DC88}.Debug|x64.ActiveCfg = Debug|Any CPU
		{D82D0855-5D52-44E1-B995-9698B038DC88}.Debug|x64.Build.0 = Debug|Any CPU
		{D82D0855-5D52-44E1-B995-9698B038DC88}.Debug|x86.ActiveCfg = Debug|Any CPU
		{D82D0855-5D52-44E1-B995-9698B038DC88}.Debug|x86.Build.0 = Debug|Any CPU
		{D82D0855-5D52-44E1-B995-9698B038DC88}.Release|Any CPU.ActiveCfg = Release|Any CPU
		{D82D0855-5D52-44E1-B995-9698B038DC88}.Release|Any CPU.Build.0 = Release|Any CPU
		{D82D0855-5D52-44E1-B995-9698B038DC88}.Release|x64.ActiveCfg = Release|Any CPU
		{D82D0855-5D52-44E1-B995-9698B038DC88}.Release|x64.Build.0 = Release|Any CPU
		{D82D0855-5D52-44E1-B995-9698B038DC88}.Release|x86.ActiveCfg = Release|Any CPU
		{D82D0855-5D52-44E1-B995-9698B038DC88}.Release|x86.Build.0 = Release|Any CPU
		{0BD3E281-5398-448F-9174-48B8481C6CF2}.Debug|Any CPU.ActiveCfg = Debug|Any CPU
		{0BD3E281-5398-448F-9174-48B8481C6CF2}.Debug|Any CPU.Build.0 = Debug|Any CPU
		{0BD3E281-5398-448F-9174-48B8481C6CF2}.Debug|x64.ActiveCfg = Debug|Any CPU
		{0BD3E281-5398-448F-9174-48B8481C6CF2}.Debug|x64.Build.0 = Debug|Any CPU
		{0BD3E281-5398-448F-9174-48B8481C6CF2}.Debug|x86.ActiveCfg = Debug|Any CPU
		{0BD3E281-5398-448F-9174-48B8481C6CF2}.Debug|x86.Build.0 = Debug|Any CPU
		{0BD3E281-5398-448F-9174-48B8481C6CF2}.Release|Any CPU.ActiveCfg = Release|Any CPU
		{0BD3E281-5398-448F-9174-48B8481C6CF2}.Release|Any CPU.Build.0 = Release|Any CPU
		{0BD3E281-5398-448F-9174-48B8481C6CF2}.Release|x64.ActiveCfg = Release|Any CPU
		{0BD3E281-5398-448F-9174-48B8481C6CF2}.Release|x64.Build.0 = Release|Any CPU
		{0BD3E281-5398-448F-9174-48B8481C6CF2}.Release|x86.ActiveCfg = Release|Any CPU
		{0BD3E281-5398-448F-9174-48B8481C6CF2}.Release|x86.Build.0 = Release|Any CPU
		{8D92EC29-19E0-499A-B3E1-7C164C1F92A5}.Debug|Any CPU.ActiveCfg = Debug|Any CPU
		{8D92EC29-19E0-499A-B3E1-7C164C1F92A5}.Debug|Any CPU.Build.0 = Debug|Any CPU
		{8D92EC29-19E0-499A-B3E1-7C164C1F92A5}.Debug|x64.ActiveCfg = Debug|Any CPU
		{8D92EC29-19E0-499A-B3E1-7C164C1F92A5}.Debug|x64.Build.0 = Debug|Any CPU
		{8D92EC29-19E0-499A-B3E1-7C164C1F92A5}.Debug|x86.ActiveCfg = Debug|Any CPU
		{8D92EC29-19E0-499A-B3E1-7C164C1F92A5}.Debug|x86.Build.0 = Debug|Any CPU
		{8D92EC29-19E0-499A-B3E1-7C164C1F92A5}.Release|Any CPU.ActiveCfg = Release|Any CPU
		{8D92EC29-19E0-499A-B3E1-7C164C1F92A5}.Release|Any CPU.Build.0 = Release|Any CPU
		{8D92EC29-19E0-499A-B3E1-7C164C1F92A5}.Release|x64.ActiveCfg = Release|Any CPU
		{8D92EC29-19E0-499A-B3E1-7C164C1F92A5}.Release|x64.Build.0 = Release|Any CPU
		{8D92EC29-19E0-499A-B3E1-7C164C1F92A5}.Release|x86.ActiveCfg = Release|Any CPU
		{8D92EC29-19E0-499A-B3E1-7C164C1F92A5}.Release|x86.Build.0 = Release|Any CPU
		{8291266F-83FB-4F1F-8CEF-93C1F8FE0EBF}.Debug|Any CPU.ActiveCfg = Debug|Any CPU
		{8291266F-83FB-4F1F-8CEF-93C1F8FE0EBF}.Debug|Any CPU.Build.0 = Debug|Any CPU
		{8291266F-83FB-4F1F-8CEF-93C1F8FE0EBF}.Debug|x64.ActiveCfg = Debug|Any CPU
		{8291266F-83FB-4F1F-8CEF-93C1F8FE0EBF}.Debug|x64.Build.0 = Debug|Any CPU
		{8291266F-83FB-4F1F-8CEF-93C1F8FE0EBF}.Debug|x86.ActiveCfg = Debug|Any CPU
		{8291266F-83FB-4F1F-8CEF-93C1F8FE0EBF}.Debug|x86.Build.0 = Debug|Any CPU
		{8291266F-83FB-4F1F-8CEF-93C1F8FE0EBF}.Release|Any CPU.ActiveCfg = Release|Any CPU
		{8291266F-83FB-4F1F-8CEF-93C1F8FE0EBF}.Release|Any CPU.Build.0 = Release|Any CPU
		{8291266F-83FB-4F1F-8CEF-93C1F8FE0EBF}.Release|x64.ActiveCfg = Release|Any CPU
		{8291266F-83FB-4F1F-8CEF-93C1F8FE0EBF}.Release|x64.Build.0 = Release|Any CPU
		{8291266F-83FB-4F1F-8CEF-93C1F8FE0EBF}.Release|x86.ActiveCfg = Release|Any CPU
		{8291266F-83FB-4F1F-8CEF-93C1F8FE0EBF}.Release|x86.Build.0 = Release|Any CPU
		{D4E42E70-B214-48BA-9BC8-8A282DFF0832}.Debug|Any CPU.ActiveCfg = Debug|Any CPU
		{D4E42E70-B214-48BA-9BC8-8A282DFF0832}.Debug|Any CPU.Build.0 = Debug|Any CPU
		{D4E42E70-B214-48BA-9BC8-8A282DFF0832}.Debug|x64.ActiveCfg = Debug|Any CPU
		{D4E42E70-B214-48BA-9BC8-8A282DFF0832}.Debug|x64.Build.0 = Debug|Any CPU
		{D4E42E70-B214-48BA-9BC8-8A282DFF0832}.Debug|x86.ActiveCfg = Debug|Any CPU
		{D4E42E70-B214-48BA-9BC8-8A282DFF0832}.Debug|x86.Build.0 = Debug|Any CPU
		{D4E42E70-B214-48BA-9BC8-8A282DFF0832}.Release|Any CPU.ActiveCfg = Release|Any CPU
		{D4E42E70-B214-48BA-9BC8-8A282DFF0832}.Release|Any CPU.Build.0 = Release|Any CPU
		{D4E42E70-B214-48BA-9BC8-8A282DFF0832}.Release|x64.ActiveCfg = Release|Any CPU
		{D4E42E70-B214-48BA-9BC8-8A282DFF0832}.Release|x64.Build.0 = Release|Any CPU
		{D4E42E70-B214-48BA-9BC8-8A282DFF0832}.Release|x86.ActiveCfg = Release|Any CPU
		{D4E42E70-B214-48BA-9BC8-8A282DFF0832}.Release|x86.Build.0 = Release|Any CPU
		{46A73AA7-16BA-4A23-A516-7F921CF30BE3}.Debug|Any CPU.ActiveCfg = Debug|Any CPU
		{46A73AA7-16BA-4A23-A516-7F921CF30BE3}.Debug|Any CPU.Build.0 = Debug|Any CPU
		{46A73AA7-16BA-4A23-A516-7F921CF30BE3}.Debug|x64.ActiveCfg = Debug|Any CPU
		{46A73AA7-16BA-4A23-A516-7F921CF30BE3}.Debug|x64.Build.0 = Debug|Any CPU
		{46A73AA7-16BA-4A23-A516-7F921CF30BE3}.Debug|x86.ActiveCfg = Debug|Any CPU
		{46A73AA7-16BA-4A23-A516-7F921CF30BE3}.Debug|x86.Build.0 = Debug|Any CPU
		{46A73AA7-16BA-4A23-A516-7F921CF30BE3}.Release|Any CPU.ActiveCfg = Release|Any CPU
		{46A73AA7-16BA-4A23-A516-7F921CF30BE3}.Release|Any CPU.Build.0 = Release|Any CPU
		{46A73AA7-16BA-4A23-A516-7F921CF30BE3}.Release|x64.ActiveCfg = Release|Any CPU
		{46A73AA7-16BA-4A23-A516-7F921CF30BE3}.Release|x64.Build.0 = Release|Any CPU
		{46A73AA7-16BA-4A23-A516-7F921CF30BE3}.Release|x86.ActiveCfg = Release|Any CPU
		{46A73AA7-16BA-4A23-A516-7F921CF30BE3}.Release|x86.Build.0 = Release|Any CPU
		{D30B6459-DD9F-456F-92A9-509F0DAAEB57}.Debug|Any CPU.ActiveCfg = Debug|Any CPU
		{D30B6459-DD9F-456F-92A9-509F0DAAEB57}.Debug|Any CPU.Build.0 = Debug|Any CPU
		{D30B6459-DD9F-456F-92A9-509F0DAAEB57}.Debug|x64.ActiveCfg = Debug|Any CPU
		{D30B6459-DD9F-456F-92A9-509F0DAAEB57}.Debug|x64.Build.0 = Debug|Any CPU
		{D30B6459-DD9F-456F-92A9-509F0DAAEB57}.Debug|x86.ActiveCfg = Debug|Any CPU
		{D30B6459-DD9F-456F-92A9-509F0DAAEB57}.Debug|x86.Build.0 = Debug|Any CPU
		{D30B6459-DD9F-456F-92A9-509F0DAAEB57}.Release|Any CPU.ActiveCfg = Release|Any CPU
		{D30B6459-DD9F-456F-92A9-509F0DAAEB57}.Release|Any CPU.Build.0 = Release|Any CPU
		{D30B6459-DD9F-456F-92A9-509F0DAAEB57}.Release|x64.ActiveCfg = Release|Any CPU
		{D30B6459-DD9F-456F-92A9-509F0DAAEB57}.Release|x64.Build.0 = Release|Any CPU
		{D30B6459-DD9F-456F-92A9-509F0DAAEB57}.Release|x86.ActiveCfg = Release|Any CPU
		{D30B6459-DD9F-456F-92A9-509F0DAAEB57}.Release|x86.Build.0 = Release|Any CPU
		{BEEE82E3-C1FE-40AD-9F28-14850ABDF67E}.Debug|Any CPU.ActiveCfg = Debug|Any CPU
		{BEEE82E3-C1FE-40AD-9F28-14850ABDF67E}.Debug|Any CPU.Build.0 = Debug|Any CPU
		{BEEE82E3-C1FE-40AD-9F28-14850ABDF67E}.Debug|x64.ActiveCfg = Debug|Any CPU
		{BEEE82E3-C1FE-40AD-9F28-14850ABDF67E}.Debug|x64.Build.0 = Debug|Any CPU
		{BEEE82E3-C1FE-40AD-9F28-14850ABDF67E}.Debug|x86.ActiveCfg = Debug|Any CPU
		{BEEE82E3-C1FE-40AD-9F28-14850ABDF67E}.Debug|x86.Build.0 = Debug|Any CPU
		{BEEE82E3-C1FE-40AD-9F28-14850ABDF67E}.Release|Any CPU.ActiveCfg = Release|Any CPU
		{BEEE82E3-C1FE-40AD-9F28-14850ABDF67E}.Release|Any CPU.Build.0 = Release|Any CPU
		{BEEE82E3-C1FE-40AD-9F28-14850ABDF67E}.Release|x64.ActiveCfg = Release|Any CPU
		{BEEE82E3-C1FE-40AD-9F28-14850ABDF67E}.Release|x64.Build.0 = Release|Any CPU
		{BEEE82E3-C1FE-40AD-9F28-14850ABDF67E}.Release|x86.ActiveCfg = Release|Any CPU
		{BEEE82E3-C1FE-40AD-9F28-14850ABDF67E}.Release|x86.Build.0 = Release|Any CPU
		{4695645F-A546-4F20-A723-6972C922C94B}.Debug|Any CPU.ActiveCfg = Debug|Any CPU
		{4695645F-A546-4F20-A723-6972C922C94B}.Debug|Any CPU.Build.0 = Debug|Any CPU
		{4695645F-A546-4F20-A723-6972C922C94B}.Debug|x64.ActiveCfg = Debug|Any CPU
		{4695645F-A546-4F20-A723-6972C922C94B}.Debug|x64.Build.0 = Debug|Any CPU
		{4695645F-A546-4F20-A723-6972C922C94B}.Debug|x86.ActiveCfg = Debug|Any CPU
		{4695645F-A546-4F20-A723-6972C922C94B}.Debug|x86.Build.0 = Debug|Any CPU
		{4695645F-A546-4F20-A723-6972C922C94B}.Release|Any CPU.ActiveCfg = Release|Any CPU
		{4695645F-A546-4F20-A723-6972C922C94B}.Release|Any CPU.Build.0 = Release|Any CPU
		{4695645F-A546-4F20-A723-6972C922C94B}.Release|x64.ActiveCfg = Release|Any CPU
		{4695645F-A546-4F20-A723-6972C922C94B}.Release|x64.Build.0 = Release|Any CPU
		{4695645F-A546-4F20-A723-6972C922C94B}.Release|x86.ActiveCfg = Release|Any CPU
		{4695645F-A546-4F20-A723-6972C922C94B}.Release|x86.Build.0 = Release|Any CPU
	EndGlobalSection
	GlobalSection(SolutionProperties) = preSolution
		HideSolutionNode = FALSE
	EndGlobalSection
	GlobalSection(NestedProjects) = preSolution
		{9B296724-A73A-4ABB-83EE-FD7873ECFBF5} = {DA5D3519-371F-423A-AE49-8BC77C81E06C}
		{967B16A2-4654-4B1D-BBA3-5DE923558668} = {DA5D3519-371F-423A-AE49-8BC77C81E06C}
		{59A6C70F-B82C-460F-BE10-05F6DE4D9901} = {71DA55F9-BB9C-4046-9AC1-F51B986D0B86}
		{07D03DB9-5D9E-4F76-98F1-F7CAB88B385D} = {FA14FE30-627B-440F-986A-B7CC76FD5931}
		{39FC5751-91B5-4391-BD32-BB36F00293CB} = {07D03DB9-5D9E-4F76-98F1-F7CAB88B385D}
		{1A023442-0F30-48BB-82EC-106C89C82839} = {07D03DB9-5D9E-4F76-98F1-F7CAB88B385D}
		{2CC61571-907F-433A-BF47-E6E707A8BB67} = {07D03DB9-5D9E-4F76-98F1-F7CAB88B385D}
		{13A4B856-25D0-4B16-955A-98F1DEC79371} = {07D03DB9-5D9E-4F76-98F1-F7CAB88B385D}
		{BCD0D854-9DC4-45D2-B76D-1CC712AD03C4} = {FA14FE30-627B-440F-986A-B7CC76FD5931}
		{BA336A53-2C3F-40E5-9740-D8A2F0579631} = {BCD0D854-9DC4-45D2-B76D-1CC712AD03C4}
		{5B8AADBC-76D3-472B-8E33-0625311B1977} = {BCD0D854-9DC4-45D2-B76D-1CC712AD03C4}
		{996231AF-3460-4B77-A6D5-0F51EC8AEB9D} = {BCD0D854-9DC4-45D2-B76D-1CC712AD03C4}
		{BA2853E1-DE97-412C-B000-A1B8B2AF6BB7} = {BCD0D854-9DC4-45D2-B76D-1CC712AD03C4}
		{0DEBD63C-F7C1-4697-A6D0-F1E32E859C0D} = {FA14FE30-627B-440F-986A-B7CC76FD5931}
		{D82D0855-5D52-44E1-B995-9698B038DC88} = {0DEBD63C-F7C1-4697-A6D0-F1E32E859C0D}
		{0BD3E281-5398-448F-9174-48B8481C6CF2} = {0DEBD63C-F7C1-4697-A6D0-F1E32E859C0D}
		{8D92EC29-19E0-499A-B3E1-7C164C1F92A5} = {0DEBD63C-F7C1-4697-A6D0-F1E32E859C0D}
		{8291266F-83FB-4F1F-8CEF-93C1F8FE0EBF} = {0DEBD63C-F7C1-4697-A6D0-F1E32E859C0D}
		{00FF11F0-8542-4008-AF0A-AC57A0934D40} = {FA14FE30-627B-440F-986A-B7CC76FD5931}
		{46A73AA7-16BA-4A23-A516-7F921CF30BE3} = {00FF11F0-8542-4008-AF0A-AC57A0934D40}
		{D30B6459-DD9F-456F-92A9-509F0DAAEB57} = {00FF11F0-8542-4008-AF0A-AC57A0934D40}
		{BEEE82E3-C1FE-40AD-9F28-14850ABDF67E} = {00FF11F0-8542-4008-AF0A-AC57A0934D40}
		{4695645F-A546-4F20-A723-6972C922C94B} = {00FF11F0-8542-4008-AF0A-AC57A0934D40}
	EndGlobalSection
	GlobalSection(ExtensibilityGlobals) = postSolution
		SolutionGuid = {E8192DAD-84EA-4AA4-9D3E-5AF5313F5D69}
	EndGlobalSection
EndGlobal
